
Microsoft Visual Studio Solution File, Format Version 12.00
# Visual Studio Version 17
VisualStudioVersion = 17.7.34031.279
MinimumVisualStudioVersion = 10.0.40219.1
Project("{8BC9CEB8-8B4A-11D0-8D11-00A0C91BC942}") = "lab64", "lab64.vcxproj", "{5116BBA3-D83D-4EE3-887F-35720D840C06}"
EndProject
Project("{8BC9CEB8-8B4A-11D0-8D11-00A0C91BC942}") = "UnitTest1", "..\UnitTest1\UnitTest1.vcxproj", "{4FBFAECD-667E-40BD-ACD6-C079E9713C62}"
EndProject
Global
	GlobalSection(SolutionConfigurationPlatforms) = preSolution
		Debug|x64 = Debug|x64
		Debug|x86 = Debug|x86
		Release|x64 = Release|x64
		Release|x86 = Release|x86
	EndGlobalSection
	GlobalSection(ProjectConfigurationPlatforms) = postSolution
		{5116BBA3-D83D-4EE3-887F-35720D840C06}.Debug|x64.ActiveCfg = Debug|x64
		{5116BBA3-D83D-4EE3-887F-35720D840C06}.Debug|x64.Build.0 = Debug|x64
		{5116BBA3-D83D-4EE3-887F-35720D840C06}.Debug|x86.ActiveCfg = Debug|Win32
		{5116BBA3-D83D-4EE3-887F-35720D840C06}.Debug|x86.Build.0 = Debug|Win32
		{5116BBA3-D83D-4EE3-887F-35720D840C06}.Release|x64.ActiveCfg = Release|x64
		{5116BBA3-D83D-4EE3-887F-35720D840C06}.Release|x64.Build.0 = Release|x64
		{5116BBA3-D83D-4EE3-887F-35720D840C06}.Release|x86.ActiveCfg = Release|Win32
		{5116BBA3-D83D-4EE3-887F-35720D840C06}.Release|x86.Build.0 = Release|Win32
		{4FBFAECD-667E-40BD-ACD6-C079E9713C62}.Debug|x64.ActiveCfg = Debug|x64
		{4FBFAECD-667E-40BD-ACD6-C079E9713C62}.Debug|x64.Build.0 = Debug|x64
		{4FBFAECD-667E-40BD-ACD6-C079E9713C62}.Debug|x86.ActiveCfg = Debug|Win32
		{4FBFAECD-667E-40BD-ACD6-C079E9713C62}.Debug|x86.Build.0 = Debug|Win32
		{4FBFAECD-667E-40BD-ACD6-C079E9713C62}.Release|x64.ActiveCfg = Release|x64
		{4FBFAECD-667E-40BD-ACD6-C079E9713C62}.Release|x64.Build.0 = Release|x64
		{4FBFAECD-667E-40BD-ACD6-C079E9713C62}.Release|x86.ActiveCfg = Release|Win32
		{4FBFAECD-667E-40BD-ACD6-C079E9713C62}.Release|x86.Build.0 = Release|Win32
	EndGlobalSection
	GlobalSection(SolutionProperties) = preSolution
		HideSolutionNode = FALSE
	EndGlobalSection
	GlobalSection(ExtensibilityGlobals) = postSolution
		SolutionGuid = {EAC6CE9E-ACEB-4D94-97FF-D89F39FB4BE9}
	EndGlobalSection
EndGlobal
